
Microsoft Visual Studio Solution File, Format Version 12.00
# Visual Studio Version 16
VisualStudioVersion = 16.0.32929.386
MinimumVisualStudioVersion = 10.0.40219.1
Project("{FAE04EC0-301F-11D3-BF4B-00C04F79EFBC}") = "festa od the beasts cw", "festa od the beasts cw\festa od the beasts cw.csproj", "{A58259E8-729A-48CF-97CC-39D2E555A8B5}"
EndProject
Global
	GlobalSection(SolutionConfigurationPlatforms) = preSolution
		Debug|Any CPU = Debug|Any CPU
		Release|Any CPU = Release|Any CPU
	EndGlobalSection
	GlobalSection(ProjectConfigurationPlatforms) = postSolution
		{A58259E8-729A-48CF-97CC-39D2E555A8B5}.Debug|Any CPU.ActiveCfg = Debug|Any CPU
		{A58259E8-729A-48CF-97CC-39D2E555A8B5}.Debug|Any CPU.Build.0 = Debug|Any CPU
		{A58259E8-729A-48CF-97CC-39D2E555A8B5}.Release|Any CPU.ActiveCfg = Release|Any CPU
		{A58259E8-729A-48CF-97CC-39D2E555A8B5}.Release|Any CPU.Build.0 = Release|Any CPU
	EndGlobalSection
	GlobalSection(SolutionProperties) = preSolution
		HideSolutionNode = FALSE
	EndGlobalSection
	GlobalSection(ExtensibilityGlobals) = postSolution
		SolutionGuid = {F5008048-CBAC-4348-B85D-02495ED953A0}
	EndGlobalSection
EndGlobal
