
Microsoft Visual Studio Solution File, Format Version 12.00
# Visual Studio Version 16
VisualStudioVersion = 16.0.33423.256
MinimumVisualStudioVersion = 10.0.40219.1
Project("{FAE04EC0-301F-11D3-BF4B-00C04F79EFBC}") = "Csharp tutorial youtube 2!4", "Csharp tutorial youtube 2!4\Csharp tutorial youtube 2!4.csproj", "{B90C5818-B86F-4043-B156-A58E182C7D7B}"
EndProject
Global
	GlobalSection(SolutionConfigurationPlatforms) = preSolution
		Debug|Any CPU = Debug|Any CPU
		Release|Any CPU = Release|Any CPU
	EndGlobalSection
	GlobalSection(ProjectConfigurationPlatforms) = postSolution
		{B90C5818-B86F-4043-B156-A58E182C7D7B}.Debug|Any CPU.ActiveCfg = Debug|Any CPU
		{B90C5818-B86F-4043-B156-A58E182C7D7B}.Debug|Any CPU.Build.0 = Debug|Any CPU
		{B90C5818-B86F-4043-B156-A58E182C7D7B}.Release|Any CPU.ActiveCfg = Release|Any CPU
		{B90C5818-B86F-4043-B156-A58E182C7D7B}.Release|Any CPU.Build.0 = Release|Any CPU
	EndGlobalSection
	GlobalSection(SolutionProperties) = preSolution
		HideSolutionNode = FALSE
	EndGlobalSection
	GlobalSection(ExtensibilityGlobals) = postSolution
		SolutionGuid = {71508BC2-6AE2-4DF3-A767-0AE08E39F5EB}
	EndGlobalSection
EndGlobal
