
Microsoft Visual Studio Solution File, Format Version 12.00
# Visual Studio Version 16
VisualStudioVersion = 16.0.33423.256
MinimumVisualStudioVersion = 10.0.40219.1
Project("{FAE04EC0-301F-11D3-BF4B-00C04F79EFBC}") = "Csharp Youtube tutorial Brackeys", "Csharp Youtube tutorial Brackeys\Csharp Youtube tutorial Brackeys.csproj", "{405898DC-B982-4EF9-821D-5C0319DAFC08}"
EndProject
Global
	GlobalSection(SolutionConfigurationPlatforms) = preSolution
		Debug|Any CPU = Debug|Any CPU
		Release|Any CPU = Release|Any CPU
	EndGlobalSection
	GlobalSection(ProjectConfigurationPlatforms) = postSolution
		{405898DC-B982-4EF9-821D-5C0319DAFC08}.Debug|Any CPU.ActiveCfg = Debug|Any CPU
		{405898DC-B982-4EF9-821D-5C0319DAFC08}.Debug|Any CPU.Build.0 = Debug|Any CPU
		{405898DC-B982-4EF9-821D-5C0319DAFC08}.Release|Any CPU.ActiveCfg = Release|Any CPU
		{405898DC-B982-4EF9-821D-5C0319DAFC08}.Release|Any CPU.Build.0 = Release|Any CPU
	EndGlobalSection
	GlobalSection(SolutionProperties) = preSolution
		HideSolutionNode = FALSE
	EndGlobalSection
	GlobalSection(ExtensibilityGlobals) = postSolution
		SolutionGuid = {B5ABA4A1-6266-4B72-97BF-7FF85A81A387}
	EndGlobalSection
EndGlobal
