
Microsoft Visual Studio Solution File, Format Version 12.00
# Visual Studio Version 16
VisualStudioVersion = 16.0.32929.386
MinimumVisualStudioVersion = 10.0.40219.1
Project("{FAE04EC0-301F-11D3-BF4B-00C04F79EFBC}") = "tehtävä4palkka", "tehtävä4palkka\tehtävä4palkka.csproj", "{A9978147-CD7B-4676-9100-890E44C41C2B}"
EndProject
Global
	GlobalSection(SolutionConfigurationPlatforms) = preSolution
		Debug|Any CPU = Debug|Any CPU
		Release|Any CPU = Release|Any CPU
	EndGlobalSection
	GlobalSection(ProjectConfigurationPlatforms) = postSolution
		{A9978147-CD7B-4676-9100-890E44C41C2B}.Debug|Any CPU.ActiveCfg = Debug|Any CPU
		{A9978147-CD7B-4676-9100-890E44C41C2B}.Debug|Any CPU.Build.0 = Debug|Any CPU
		{A9978147-CD7B-4676-9100-890E44C41C2B}.Release|Any CPU.ActiveCfg = Release|Any CPU
		{A9978147-CD7B-4676-9100-890E44C41C2B}.Release|Any CPU.Build.0 = Release|Any CPU
	EndGlobalSection
	GlobalSection(SolutionProperties) = preSolution
		HideSolutionNode = FALSE
	EndGlobalSection
	GlobalSection(ExtensibilityGlobals) = postSolution
		SolutionGuid = {53F3E9B1-8EB6-4313-B74B-764E92B0298B}
	EndGlobalSection
EndGlobal
