
Microsoft Visual Studio Solution File, Format Version 12.00
# Visual Studio Version 16
VisualStudioVersion = 16.0.32929.386
MinimumVisualStudioVersion = 10.0.40219.1
Project("{FAE04EC0-301F-11D3-BF4B-00C04F79EFBC}") = "opetuspv2", "opetuspv2\opetuspv2.csproj", "{3C3FAD7A-7283-4C74-AF16-929DBEB18B2E}"
EndProject
Global
	GlobalSection(SolutionConfigurationPlatforms) = preSolution
		Debug|Any CPU = Debug|Any CPU
		Release|Any CPU = Release|Any CPU
	EndGlobalSection
	GlobalSection(ProjectConfigurationPlatforms) = postSolution
		{3C3FAD7A-7283-4C74-AF16-929DBEB18B2E}.Debug|Any CPU.ActiveCfg = Debug|Any CPU
		{3C3FAD7A-7283-4C74-AF16-929DBEB18B2E}.Debug|Any CPU.Build.0 = Debug|Any CPU
		{3C3FAD7A-7283-4C74-AF16-929DBEB18B2E}.Release|Any CPU.ActiveCfg = Release|Any CPU
		{3C3FAD7A-7283-4C74-AF16-929DBEB18B2E}.Release|Any CPU.Build.0 = Release|Any CPU
	EndGlobalSection
	GlobalSection(SolutionProperties) = preSolution
		HideSolutionNode = FALSE
	EndGlobalSection
	GlobalSection(ExtensibilityGlobals) = postSolution
		SolutionGuid = {828F76D7-13DF-4B63-9AEB-7F49BE82EFD7}
	EndGlobalSection
EndGlobal
