
Microsoft Visual Studio Solution File, Format Version 12.00
# Visual Studio Version 16
VisualStudioVersion = 16.0.33423.256
MinimumVisualStudioVersion = 10.0.40219.1
Project("{FAE04EC0-301F-11D3-BF4B-00C04F79EFBC}") = "19 Lämpötila muunnin", "19 Lämpötila muunnin\19 Lämpötila muunnin.csproj", "{A8FCACB6-369A-4E8B-BFC4-972469961155}"
EndProject
Global
	GlobalSection(SolutionConfigurationPlatforms) = preSolution
		Debug|Any CPU = Debug|Any CPU
		Release|Any CPU = Release|Any CPU
	EndGlobalSection
	GlobalSection(ProjectConfigurationPlatforms) = postSolution
		{A8FCACB6-369A-4E8B-BFC4-972469961155}.Debug|Any CPU.ActiveCfg = Debug|Any CPU
		{A8FCACB6-369A-4E8B-BFC4-972469961155}.Debug|Any CPU.Build.0 = Debug|Any CPU
		{A8FCACB6-369A-4E8B-BFC4-972469961155}.Release|Any CPU.ActiveCfg = Release|Any CPU
		{A8FCACB6-369A-4E8B-BFC4-972469961155}.Release|Any CPU.Build.0 = Release|Any CPU
	EndGlobalSection
	GlobalSection(SolutionProperties) = preSolution
		HideSolutionNode = FALSE
	EndGlobalSection
	GlobalSection(ExtensibilityGlobals) = postSolution
		SolutionGuid = {F4EBD558-CF0A-4BDA-8506-5E05FCB600D7}
	EndGlobalSection
EndGlobal
