
Microsoft Visual Studio Solution File, Format Version 12.00
# Visual Studio Version 16
VisualStudioVersion = 16.0.33423.256
MinimumVisualStudioVersion = 10.0.40219.1
Project("{FAE04EC0-301F-11D3-BF4B-00C04F79EFBC}") = "Csharp Harjoitus koe", "Csharp Harjoitus koe\Csharp Harjoitus koe.csproj", "{064D3AAB-9A17-43AA-A50C-18887CF9606F}"
EndProject
Global
	GlobalSection(SolutionConfigurationPlatforms) = preSolution
		Debug|Any CPU = Debug|Any CPU
		Release|Any CPU = Release|Any CPU
	EndGlobalSection
	GlobalSection(ProjectConfigurationPlatforms) = postSolution
		{064D3AAB-9A17-43AA-A50C-18887CF9606F}.Debug|Any CPU.ActiveCfg = Debug|Any CPU
		{064D3AAB-9A17-43AA-A50C-18887CF9606F}.Debug|Any CPU.Build.0 = Debug|Any CPU
		{064D3AAB-9A17-43AA-A50C-18887CF9606F}.Release|Any CPU.ActiveCfg = Release|Any CPU
		{064D3AAB-9A17-43AA-A50C-18887CF9606F}.Release|Any CPU.Build.0 = Release|Any CPU
	EndGlobalSection
	GlobalSection(SolutionProperties) = preSolution
		HideSolutionNode = FALSE
	EndGlobalSection
	GlobalSection(ExtensibilityGlobals) = postSolution
		SolutionGuid = {2477762E-752D-415E-94E6-ED82CF12F912}
	EndGlobalSection
EndGlobal
