
Microsoft Visual Studio Solution File, Format Version 12.00
# Visual Studio Version 16
VisualStudioVersion = 16.0.32929.386
MinimumVisualStudioVersion = 10.0.40219.1
Project("{FAE04EC0-301F-11D3-BF4B-00C04F79EFBC}") = "Csharp Funktiot Verolaskuri", "Csharp Funktiot Verolaskuri\Csharp Funktiot Verolaskuri.csproj", "{340FC406-E1F1-410A-8F14-D516EFB37FD5}"
EndProject
Global
	GlobalSection(SolutionConfigurationPlatforms) = preSolution
		Debug|Any CPU = Debug|Any CPU
		Release|Any CPU = Release|Any CPU
	EndGlobalSection
	GlobalSection(ProjectConfigurationPlatforms) = postSolution
		{340FC406-E1F1-410A-8F14-D516EFB37FD5}.Debug|Any CPU.ActiveCfg = Debug|Any CPU
		{340FC406-E1F1-410A-8F14-D516EFB37FD5}.Debug|Any CPU.Build.0 = Debug|Any CPU
		{340FC406-E1F1-410A-8F14-D516EFB37FD5}.Release|Any CPU.ActiveCfg = Release|Any CPU
		{340FC406-E1F1-410A-8F14-D516EFB37FD5}.Release|Any CPU.Build.0 = Release|Any CPU
	EndGlobalSection
	GlobalSection(SolutionProperties) = preSolution
		HideSolutionNode = FALSE
	EndGlobalSection
	GlobalSection(ExtensibilityGlobals) = postSolution
		SolutionGuid = {EDC38EBF-3BBF-4225-ACB1-738F95813FAA}
	EndGlobalSection
EndGlobal
