
Microsoft Visual Studio Solution File, Format Version 12.00
# Visual Studio Version 16
VisualStudioVersion = 16.0.32929.386
MinimumVisualStudioVersion = 10.0.40219.1
Project("{FAE04EC0-301F-11D3-BF4B-00C04F79EFBC}") = "koulussa yhdessä 10", "koulussa yhdessä 10\koulussa yhdessä 10.csproj", "{8F2682C0-9C23-4509-A2FC-B8CF28605D12}"
EndProject
Global
	GlobalSection(SolutionConfigurationPlatforms) = preSolution
		Debug|Any CPU = Debug|Any CPU
		Release|Any CPU = Release|Any CPU
	EndGlobalSection
	GlobalSection(ProjectConfigurationPlatforms) = postSolution
		{8F2682C0-9C23-4509-A2FC-B8CF28605D12}.Debug|Any CPU.ActiveCfg = Debug|Any CPU
		{8F2682C0-9C23-4509-A2FC-B8CF28605D12}.Debug|Any CPU.Build.0 = Debug|Any CPU
		{8F2682C0-9C23-4509-A2FC-B8CF28605D12}.Release|Any CPU.ActiveCfg = Release|Any CPU
		{8F2682C0-9C23-4509-A2FC-B8CF28605D12}.Release|Any CPU.Build.0 = Release|Any CPU
	EndGlobalSection
	GlobalSection(SolutionProperties) = preSolution
		HideSolutionNode = FALSE
	EndGlobalSection
	GlobalSection(ExtensibilityGlobals) = postSolution
		SolutionGuid = {1ED33C16-A31B-46D9-8F0A-027BA84EB09C}
	EndGlobalSection
EndGlobal
