
Microsoft Visual Studio Solution File, Format Version 12.00
# Visual Studio Version 16
VisualStudioVersion = 16.0.32929.386
MinimumVisualStudioVersion = 10.0.40219.1
Project("{FAE04EC0-301F-11D3-BF4B-00C04F79EFBC}") = "tehtävä5keskiarvo", "tehtävä5keskiarvo\tehtävä5keskiarvo.csproj", "{D0B2BB90-3BE1-43E3-A0BB-071DBC2C72C6}"
EndProject
Global
	GlobalSection(SolutionConfigurationPlatforms) = preSolution
		Debug|Any CPU = Debug|Any CPU
		Release|Any CPU = Release|Any CPU
	EndGlobalSection
	GlobalSection(ProjectConfigurationPlatforms) = postSolution
		{D0B2BB90-3BE1-43E3-A0BB-071DBC2C72C6}.Debug|Any CPU.ActiveCfg = Debug|Any CPU
		{D0B2BB90-3BE1-43E3-A0BB-071DBC2C72C6}.Debug|Any CPU.Build.0 = Debug|Any CPU
		{D0B2BB90-3BE1-43E3-A0BB-071DBC2C72C6}.Release|Any CPU.ActiveCfg = Release|Any CPU
		{D0B2BB90-3BE1-43E3-A0BB-071DBC2C72C6}.Release|Any CPU.Build.0 = Release|Any CPU
	EndGlobalSection
	GlobalSection(SolutionProperties) = preSolution
		HideSolutionNode = FALSE
	EndGlobalSection
	GlobalSection(ExtensibilityGlobals) = postSolution
		SolutionGuid = {499DA636-C6EC-4D10-A888-7CDACA549DD2}
	EndGlobalSection
EndGlobal
