
Microsoft Visual Studio Solution File, Format Version 12.00
# Visual Studio Version 16
VisualStudioVersion = 16.0.32929.386
MinimumVisualStudioVersion = 10.0.40219.1
Project("{FAE04EC0-301F-11D3-BF4B-00C04F79EFBC}") = "Csharp Funktiot Bensankulutus", "Csharp Funktiot Bensankulutus\Csharp Funktiot Bensankulutus.csproj", "{71AF19BB-B40B-410F-82AF-FE6BF9F0C86C}"
EndProject
Global
	GlobalSection(SolutionConfigurationPlatforms) = preSolution
		Debug|Any CPU = Debug|Any CPU
		Release|Any CPU = Release|Any CPU
	EndGlobalSection
	GlobalSection(ProjectConfigurationPlatforms) = postSolution
		{71AF19BB-B40B-410F-82AF-FE6BF9F0C86C}.Debug|Any CPU.ActiveCfg = Debug|Any CPU
		{71AF19BB-B40B-410F-82AF-FE6BF9F0C86C}.Debug|Any CPU.Build.0 = Debug|Any CPU
		{71AF19BB-B40B-410F-82AF-FE6BF9F0C86C}.Release|Any CPU.ActiveCfg = Release|Any CPU
		{71AF19BB-B40B-410F-82AF-FE6BF9F0C86C}.Release|Any CPU.Build.0 = Release|Any CPU
	EndGlobalSection
	GlobalSection(SolutionProperties) = preSolution
		HideSolutionNode = FALSE
	EndGlobalSection
	GlobalSection(ExtensibilityGlobals) = postSolution
		SolutionGuid = {981F3C24-E874-40B0-A746-9A2B48BBF508}
	EndGlobalSection
EndGlobal
