
Microsoft Visual Studio Solution File, Format Version 12.00
# Visual Studio Version 16
VisualStudioVersion = 16.0.32929.386
MinimumVisualStudioVersion = 10.0.40219.1
Project("{FAE04EC0-301F-11D3-BF4B-00C04F79EFBC}") = "Toisto.Lukujen summa ja keskiarvo", "Toisto.Lukujen summa ja keskiarvo\Toisto.Lukujen summa ja keskiarvo.csproj", "{B5E03E77-678B-426C-840C-F4D32AA18A07}"
EndProject
Global
	GlobalSection(SolutionConfigurationPlatforms) = preSolution
		Debug|Any CPU = Debug|Any CPU
		Release|Any CPU = Release|Any CPU
	EndGlobalSection
	GlobalSection(ProjectConfigurationPlatforms) = postSolution
		{B5E03E77-678B-426C-840C-F4D32AA18A07}.Debug|Any CPU.ActiveCfg = Debug|Any CPU
		{B5E03E77-678B-426C-840C-F4D32AA18A07}.Debug|Any CPU.Build.0 = Debug|Any CPU
		{B5E03E77-678B-426C-840C-F4D32AA18A07}.Release|Any CPU.ActiveCfg = Release|Any CPU
		{B5E03E77-678B-426C-840C-F4D32AA18A07}.Release|Any CPU.Build.0 = Release|Any CPU
	EndGlobalSection
	GlobalSection(SolutionProperties) = preSolution
		HideSolutionNode = FALSE
	EndGlobalSection
	GlobalSection(ExtensibilityGlobals) = postSolution
		SolutionGuid = {FC7B9501-801A-45E8-83AD-9C277740045B}
	EndGlobalSection
EndGlobal
