
Microsoft Visual Studio Solution File, Format Version 12.00
# Visual Studio Version 16
VisualStudioVersion = 16.0.33423.256
MinimumVisualStudioVersion = 10.0.40219.1
Project("{FAE04EC0-301F-11D3-BF4B-00C04F79EFBC}") = "28B Toisto Tulosta 1-5 JA 5 1 for", "28B Toisto Tulosta 1-5 JA 5 1 for\28B Toisto Tulosta 1-5 JA 5 1 for.csproj", "{141F588F-34E9-4A43-AF1E-27988F7EF4F4}"
EndProject
Global
	GlobalSection(SolutionConfigurationPlatforms) = preSolution
		Debug|Any CPU = Debug|Any CPU
		Release|Any CPU = Release|Any CPU
	EndGlobalSection
	GlobalSection(ProjectConfigurationPlatforms) = postSolution
		{141F588F-34E9-4A43-AF1E-27988F7EF4F4}.Debug|Any CPU.ActiveCfg = Debug|Any CPU
		{141F588F-34E9-4A43-AF1E-27988F7EF4F4}.Debug|Any CPU.Build.0 = Debug|Any CPU
		{141F588F-34E9-4A43-AF1E-27988F7EF4F4}.Release|Any CPU.ActiveCfg = Release|Any CPU
		{141F588F-34E9-4A43-AF1E-27988F7EF4F4}.Release|Any CPU.Build.0 = Release|Any CPU
	EndGlobalSection
	GlobalSection(SolutionProperties) = preSolution
		HideSolutionNode = FALSE
	EndGlobalSection
	GlobalSection(ExtensibilityGlobals) = postSolution
		SolutionGuid = {2E00D7FE-7B9E-4483-B6D1-DB02129D8CD5}
	EndGlobalSection
EndGlobal
