
Microsoft Visual Studio Solution File, Format Version 12.00
# Visual Studio Version 16
VisualStudioVersion = 16.0.32929.386
MinimumVisualStudioVersion = 10.0.40219.1
Project("{FAE04EC0-301F-11D3-BF4B-00C04F79EFBC}") = "Csharp korttipeli harjoitus", "Csharp korttipeli harjoitus\Csharp korttipeli harjoitus.csproj", "{F2656A29-F7A0-471E-AE6F-F32EA85CEFAF}"
EndProject
Global
	GlobalSection(SolutionConfigurationPlatforms) = preSolution
		Debug|Any CPU = Debug|Any CPU
		Release|Any CPU = Release|Any CPU
	EndGlobalSection
	GlobalSection(ProjectConfigurationPlatforms) = postSolution
		{F2656A29-F7A0-471E-AE6F-F32EA85CEFAF}.Debug|Any CPU.ActiveCfg = Debug|Any CPU
		{F2656A29-F7A0-471E-AE6F-F32EA85CEFAF}.Debug|Any CPU.Build.0 = Debug|Any CPU
		{F2656A29-F7A0-471E-AE6F-F32EA85CEFAF}.Release|Any CPU.ActiveCfg = Release|Any CPU
		{F2656A29-F7A0-471E-AE6F-F32EA85CEFAF}.Release|Any CPU.Build.0 = Release|Any CPU
	EndGlobalSection
	GlobalSection(SolutionProperties) = preSolution
		HideSolutionNode = FALSE
	EndGlobalSection
	GlobalSection(ExtensibilityGlobals) = postSolution
		SolutionGuid = {4AAD4FC3-296B-407D-874F-EC1DC2698191}
	EndGlobalSection
EndGlobal
