
Microsoft Visual Studio Solution File, Format Version 12.00
# Visual Studio Version 16
VisualStudioVersion = 16.0.32929.386
MinimumVisualStudioVersion = 10.0.40219.1
Project("{FAE04EC0-301F-11D3-BF4B-00C04F79EFBC}") = "Csharp harjotus koe yhessä", "Csharp harjotus koe yhessä\Csharp harjotus koe yhessä.csproj", "{4A605772-66B7-4416-9277-EB692D030476}"
EndProject
Global
	GlobalSection(SolutionConfigurationPlatforms) = preSolution
		Debug|Any CPU = Debug|Any CPU
		Release|Any CPU = Release|Any CPU
	EndGlobalSection
	GlobalSection(ProjectConfigurationPlatforms) = postSolution
		{4A605772-66B7-4416-9277-EB692D030476}.Debug|Any CPU.ActiveCfg = Debug|Any CPU
		{4A605772-66B7-4416-9277-EB692D030476}.Debug|Any CPU.Build.0 = Debug|Any CPU
		{4A605772-66B7-4416-9277-EB692D030476}.Release|Any CPU.ActiveCfg = Release|Any CPU
		{4A605772-66B7-4416-9277-EB692D030476}.Release|Any CPU.Build.0 = Release|Any CPU
	EndGlobalSection
	GlobalSection(SolutionProperties) = preSolution
		HideSolutionNode = FALSE
	EndGlobalSection
	GlobalSection(ExtensibilityGlobals) = postSolution
		SolutionGuid = {163CDD71-F726-4DF4-B069-642011AD7402}
	EndGlobalSection
EndGlobal
