
Microsoft Visual Studio Solution File, Format Version 12.00
# Visual Studio Version 16
VisualStudioVersion = 16.0.32929.386
MinimumVisualStudioVersion = 10.0.40219.1
Project("{FAE04EC0-301F-11D3-BF4B-00C04F79EFBC}") = "16 Valinta Kuukaudet yhdessä 3.4", "16 Valinta Kuukaudet yhdessä 3.4\16 Valinta Kuukaudet yhdessä 3.4.csproj", "{6BF04634-6993-4410-81DF-BEF5A38EDBFF}"
EndProject
Global
	GlobalSection(SolutionConfigurationPlatforms) = preSolution
		Debug|Any CPU = Debug|Any CPU
		Release|Any CPU = Release|Any CPU
	EndGlobalSection
	GlobalSection(ProjectConfigurationPlatforms) = postSolution
		{6BF04634-6993-4410-81DF-BEF5A38EDBFF}.Debug|Any CPU.ActiveCfg = Debug|Any CPU
		{6BF04634-6993-4410-81DF-BEF5A38EDBFF}.Debug|Any CPU.Build.0 = Debug|Any CPU
		{6BF04634-6993-4410-81DF-BEF5A38EDBFF}.Release|Any CPU.ActiveCfg = Release|Any CPU
		{6BF04634-6993-4410-81DF-BEF5A38EDBFF}.Release|Any CPU.Build.0 = Release|Any CPU
	EndGlobalSection
	GlobalSection(SolutionProperties) = preSolution
		HideSolutionNode = FALSE
	EndGlobalSection
	GlobalSection(ExtensibilityGlobals) = postSolution
		SolutionGuid = {74A9CCD1-0F7A-4FA0-803E-22D45BD995BD}
	EndGlobalSection
EndGlobal
