
Microsoft Visual Studio Solution File, Format Version 12.00
# Visual Studio Version 16
VisualStudioVersion = 16.0.33423.256
MinimumVisualStudioVersion = 10.0.40219.1
Project("{FAE04EC0-301F-11D3-BF4B-00C04F79EFBC}") = "Csharp Salasana if else ja while", "Csharp Salasana if else ja while\Csharp Salasana if else ja while.csproj", "{CA6B90C1-1872-4278-B24C-A2591BEF791C}"
EndProject
Global
	GlobalSection(SolutionConfigurationPlatforms) = preSolution
		Debug|Any CPU = Debug|Any CPU
		Release|Any CPU = Release|Any CPU
	EndGlobalSection
	GlobalSection(ProjectConfigurationPlatforms) = postSolution
		{CA6B90C1-1872-4278-B24C-A2591BEF791C}.Debug|Any CPU.ActiveCfg = Debug|Any CPU
		{CA6B90C1-1872-4278-B24C-A2591BEF791C}.Debug|Any CPU.Build.0 = Debug|Any CPU
		{CA6B90C1-1872-4278-B24C-A2591BEF791C}.Release|Any CPU.ActiveCfg = Release|Any CPU
		{CA6B90C1-1872-4278-B24C-A2591BEF791C}.Release|Any CPU.Build.0 = Release|Any CPU
	EndGlobalSection
	GlobalSection(SolutionProperties) = preSolution
		HideSolutionNode = FALSE
	EndGlobalSection
	GlobalSection(ExtensibilityGlobals) = postSolution
		SolutionGuid = {ED938BCC-F67C-4611-9E58-F5A0B62BBD91}
	EndGlobalSection
EndGlobal
