
Microsoft Visual Studio Solution File, Format Version 12.00
# Visual Studio Version 16
VisualStudioVersion = 16.0.33423.256
MinimumVisualStudioVersion = 10.0.40219.1
Project("{FAE04EC0-301F-11D3-BF4B-00C04F79EFBC}") = "Csharp Funktiot Lämpötilan muunnin", "Csharp Funktiot Lämpötilan muunnin\Csharp Funktiot Lämpötilan muunnin.csproj", "{871532BA-2436-431A-9744-6682472653FF}"
EndProject
Global
	GlobalSection(SolutionConfigurationPlatforms) = preSolution
		Debug|Any CPU = Debug|Any CPU
		Release|Any CPU = Release|Any CPU
	EndGlobalSection
	GlobalSection(ProjectConfigurationPlatforms) = postSolution
		{871532BA-2436-431A-9744-6682472653FF}.Debug|Any CPU.ActiveCfg = Debug|Any CPU
		{871532BA-2436-431A-9744-6682472653FF}.Debug|Any CPU.Build.0 = Debug|Any CPU
		{871532BA-2436-431A-9744-6682472653FF}.Release|Any CPU.ActiveCfg = Release|Any CPU
		{871532BA-2436-431A-9744-6682472653FF}.Release|Any CPU.Build.0 = Release|Any CPU
	EndGlobalSection
	GlobalSection(SolutionProperties) = preSolution
		HideSolutionNode = FALSE
	EndGlobalSection
	GlobalSection(ExtensibilityGlobals) = postSolution
		SolutionGuid = {1E026534-5144-48F8-B6F6-A38ED6C6C64B}
	EndGlobalSection
EndGlobal
