
Microsoft Visual Studio Solution File, Format Version 12.00
# Visual Studio Version 16
VisualStudioVersion = 16.0.33423.256
MinimumVisualStudioVersion = 10.0.40219.1
Project("{FAE04EC0-301F-11D3-BF4B-00C04F79EFBC}") = "34D2 Csharp String kirjaimia merkkijonosta Listaan", "34D2 Csharp String kirjaimia merkkijonosta Listaan\34D2 Csharp String kirjaimia merkkijonosta Listaan.csproj", "{6F1106F5-F1B1-4C49-ABD4-B3EADF797EB9}"
EndProject
Global
	GlobalSection(SolutionConfigurationPlatforms) = preSolution
		Debug|Any CPU = Debug|Any CPU
		Release|Any CPU = Release|Any CPU
	EndGlobalSection
	GlobalSection(ProjectConfigurationPlatforms) = postSolution
		{6F1106F5-F1B1-4C49-ABD4-B3EADF797EB9}.Debug|Any CPU.ActiveCfg = Debug|Any CPU
		{6F1106F5-F1B1-4C49-ABD4-B3EADF797EB9}.Debug|Any CPU.Build.0 = Debug|Any CPU
		{6F1106F5-F1B1-4C49-ABD4-B3EADF797EB9}.Release|Any CPU.ActiveCfg = Release|Any CPU
		{6F1106F5-F1B1-4C49-ABD4-B3EADF797EB9}.Release|Any CPU.Build.0 = Release|Any CPU
	EndGlobalSection
	GlobalSection(SolutionProperties) = preSolution
		HideSolutionNode = FALSE
	EndGlobalSection
	GlobalSection(ExtensibilityGlobals) = postSolution
		SolutionGuid = {0801FC0F-98FD-48B7-AC89-D76CB2C7C3D3}
	EndGlobalSection
EndGlobal
